
Microsoft Visual Studio Solution File, Format Version 12.00
# Visual Studio 15
VisualStudioVersion = 15.0.27703.2018
MinimumVisualStudioVersion = 10.0.40219.1
Project("{9A19103F-16F7-4668-BE54-9A1E7A4F7556}") = "Website.Api", "Website.Api\Website.Api.csproj", "{1BB70949-D94D-4E15-A87B-72F8BE71F1ED}"
EndProject
Project("{9A19103F-16F7-4668-BE54-9A1E7A4F7556}") = "FirebaseNet", "..\Authenticate-api\FirebaseNet\FirebaseNet.csproj", "{FE232242-B41C-4FF3-9660-613CAE79551E}"
EndProject
Global
	GlobalSection(SolutionConfigurationPlatforms) = preSolution
		Debug|Any CPU = Debug|Any CPU
		Release|Any CPU = Release|Any CPU
	EndGlobalSection
	GlobalSection(ProjectConfigurationPlatforms) = postSolution
		{1BB70949-D94D-4E15-A87B-72F8BE71F1ED}.Debug|Any CPU.ActiveCfg = Debug|Any CPU
		{1BB70949-D94D-4E15-A87B-72F8BE71F1ED}.Debug|Any CPU.Build.0 = Debug|Any CPU
		{1BB70949-D94D-4E15-A87B-72F8BE71F1ED}.Release|Any CPU.ActiveCfg = Release|Any CPU
		{1BB70949-D94D-4E15-A87B-72F8BE71F1ED}.Release|Any CPU.Build.0 = Release|Any CPU
		{FE232242-B41C-4FF3-9660-613CAE79551E}.Debug|Any CPU.ActiveCfg = Debug|Any CPU
		{FE232242-B41C-4FF3-9660-613CAE79551E}.Debug|Any CPU.Build.0 = Debug|Any CPU
		{FE232242-B41C-4FF3-9660-613CAE79551E}.Release|Any CPU.ActiveCfg = Release|Any CPU
		{FE232242-B41C-4FF3-9660-613CAE79551E}.Release|Any CPU.Build.0 = Release|Any CPU
	EndGlobalSection
	GlobalSection(SolutionProperties) = preSolution
		HideSolutionNode = FALSE
	EndGlobalSection
	GlobalSection(ExtensibilityGlobals) = postSolution
		SolutionGuid = {F2EF1C15-C4E3-4C68-A195-FDAE128242F5}
	EndGlobalSection
EndGlobal
